{
  "requires": true,
  "lockfileVersion": 1,
  "dependencies": {
    "4.5": {
      "version": "0.5.0",
      "resolved": "https://registry.npmjs.org/4.5/-/4.5-0.5.0.tgz",
      "integrity": "sha1-QUbr7WIHy4DeGCATloP2Glfbuis=",
      "requires": {
        "@typed/curry": "^1.0.1",
        "typed-colors": "^1.0.0"
      }
    },
    "@typed/curry": {
      "version": "1.0.1",
      "resolved": "https://registry.npmjs.org/@typed/curry/-/curry-1.0.1.tgz",
      "integrity": "sha1-VV1GJLDL8J4QGUUybTu5/8q6NlU="
    },
    "boostrap": {
      "version": "2.0.0",
      "resolved": "https://registry.npmjs.org/boostrap/-/boostrap-2.0.0.tgz",
      "integrity": "sha512-JEeFMOweKeGXEM9rt95eaVISOkluG9aKcl0jQCETOVH9jynCZxuBZe2oWgcWJpj5wqYWZl625SnW7OgHT2Ineg=="
    },
    "typed-colors": {
      "version": "1.0.0",
      "resolved": "https://registry.npmjs.org/typed-colors/-/typed-colors-1.0.0.tgz",
      "integrity": "sha1-qG+1cYPqjZVdgRrsDhAPVl5Iu7k="
    }
  }
}
